altgraph==0.17.5
certifi==2025.11.12
cffi==2.0.0
charset-normalizer==3.4.6
dnspython==2.8.0
flatbuffers==25.12.19
googleapis-common-protos==1.73.0
grpclib==0.4.9
h2==4.3.0
hpack==4.1.0
hyperframe==6.1.0
idna==3.11
joblib==1.5.3
mpmath==1.3.0
multidict==6.7.1
numpy==1.26.4
onnxruntime==1.24.4
openwakeword==0.6.0
packaging==26.0
protobuf==5.29.5
pycparser==3.0
pydub==0.25.1
pyinstaller==6.19.0
pyinstaller-hooks-contrib==2026.3
pymongo==4.16.0
RapidFuzz==3.14.3
requests==2.32.5
scikit-learn==1.8.0
scipy==1.17.1
speexdsp-ns==0.1.2
srt==3.5.3
sympy==1.14.0
tflite-runtime==2.14.0
threadpoolctl==3.6.0
tqdm==4.67.3
typing_extensions==4.15.0
urllib3==2.6.3
viam-sdk==0.63.0
vosk==0.3.44
webrtcvad-wheels==2.0.14
websockets==16.0
